
Microsoft Visual Studio Solution File, Format Version 12.00
# Visual Studio 15
VisualStudioVersion = 15.0.27130.2036
MinimumVisualStudioVersion = 10.0.40219.1
Project("{8BC9CEB8-8B4A-11D0-8D11-00A0C91BC942}") = "Lab00", "Lab00\Lab00.vcxproj", "{E426257F-7397-4DF2-900A-9B4631EED155}"
EndProject
Project("{8BC9CEB8-8B4A-11D0-8D11-00A0C91BC942}") = "Lab01", "Lab01\Lab01.vcxproj", "{5E5D2B34-3DA2-4177-9969-0A746C702EEE}"
EndProject
Project("{8BC9CEB8-8B4A-11D0-8D11-00A0C91BC942}") = "Classroom_work01", "Classroom_work01\Classroom_work01.vcxproj", "{18FC2002-4036-4171-B866-C2F13EB90F65}"
EndProject
Project("{8BC9CEB8-8B4A-11D0-8D11-00A0C91BC942}") = "Cipher of Caesar", "Cipher of Caesar\Cipher of Caesar.vcxproj", "{C80F82A9-9EED-44DC-B104-309BD2DA4A39}"
EndProject
Project("{8BC9CEB8-8B4A-11D0-8D11-00A0C91BC942}") = "Lab01(2)", "Lab01(2)\Lab01(2).vcxproj", "{D62E0654-CC8A-466C-9E3D-0B3CD6562EB1}"
EndProject
Project("{8BC9CEB8-8B4A-11D0-8D11-00A0C91BC942}") = "Lab01(3)", "Lab01(3)\Lab01(3).vcxproj", "{3AD45560-5533-4D7E-8012-A5EED1D68BC1}"
EndProject
Project("{8BC9CEB8-8B4A-11D0-8D11-00A0C91BC942}") = "Classroom_work03", "Classroom_work03\Classroom_work03.vcxproj", "{AB3BF1BD-587B-4F12-902B-51FB309947D7}"
EndProject
Project("{8BC9CEB8-8B4A-11D0-8D11-00A0C91BC942}") = "Lab03", "Lab03\Lab03.vcxproj", "{22E2C960-07DB-4C10-8D92-25761F15C0DF}"
EndProject
Project("{8BC9CEB8-8B4A-11D0-8D11-00A0C91BC942}") = "Lab04", "Lab04\Lab04.vcxproj", "{917E6750-8A98-49DE-A0E6-2FD1372DF2F5}"
EndProject
Project("{8BC9CEB8-8B4A-11D0-8D11-00A0C91BC942}") = "Classroom_work04", "Classroom_work04\Classroom_work04.vcxproj", "{5FF92441-3598-4C74-85C5-D563B1E04D94}"
EndProject
Project("{8BC9CEB8-8B4A-11D0-8D11-00A0C91BC942}") = "HomeWork01", "HomeWork01\HomeWork01.vcxproj", "{EDB12374-D566-4057-9D02-A0D43A39F807}"
EndProject
Project("{8BC9CEB8-8B4A-11D0-8D11-00A0C91BC942}") = "HomeWork02", "HomeWork02\HomeWork02.vcxproj", "{F6FF9D0A-B2A7-45EF-ADA5-9C6C123E6817}"
EndProject
Project("{8BC9CEB8-8B4A-11D0-8D11-00A0C91BC942}") = "Classroom_work05", "Classroom_work05\Classroom_work05.vcxproj", "{E08712CC-0A5A-49E1-B1ED-E712E3D956E0}"
EndProject
Project("{8BC9CEB8-8B4A-11D0-8D11-00A0C91BC942}") = "Lab05", "Lab05\Lab05.vcxproj", "{FCD9AF34-4666-411D-85AB-0464650C20A2}"
EndProject
Project("{8BC9CEB8-8B4A-11D0-8D11-00A0C91BC942}") = "Classroom_work06", "Classroom_work06\Classroom_work06.vcxproj", "{526EBEDC-FA10-4BB0-BA29-32967E6ABD46}"
EndProject
Project("{8BC9CEB8-8B4A-11D0-8D11-00A0C91BC942}") = "Lab06", "Lab06\Lab06.vcxproj", "{9D700F76-1C46-4958-BB35-256B166E42F7}"
EndProject
Project("{8BC9CEB8-8B4A-11D0-8D11-00A0C91BC942}") = "Lab06_2", "Lab06_2\Lab06_2.vcxproj", "{3C519ED4-B310-414D-9AA1-1258A16813F6}"
EndProject
Global
	GlobalSection(SolutionConfigurationPlatforms) = preSolution
		Debug|x64 = Debug|x64
		Debug|x86 = Debug|x86
		Release|x64 = Release|x64
		Release|x86 = Release|x86
	EndGlobalSection
	GlobalSection(ProjectConfigurationPlatforms) = postSolution
		{E426257F-7397-4DF2-900A-9B4631EED155}.Debug|x64.ActiveCfg = Debug|x64
		{E426257F-7397-4DF2-900A-9B4631EED155}.Debug|x64.Build.0 = Debug|x64
		{E426257F-7397-4DF2-900A-9B4631EED155}.Debug|x86.ActiveCfg = Debug|Win32
		{E426257F-7397-4DF2-900A-9B4631EED155}.Debug|x86.Build.0 = Debug|Win32
		{E426257F-7397-4DF2-900A-9B4631EED155}.Release|x64.ActiveCfg = Release|x64
		{E426257F-7397-4DF2-900A-9B4631EED155}.Release|x64.Build.0 = Release|x64
		{E426257F-7397-4DF2-900A-9B4631EED155}.Release|x86.ActiveCfg = Release|Win32
		{E426257F-7397-4DF2-900A-9B4631EED155}.Release|x86.Build.0 = Release|Win32
		{5E5D2B34-3DA2-4177-9969-0A746C702EEE}.Debug|x64.ActiveCfg = Debug|x64
		{5E5D2B34-3DA2-4177-9969-0A746C702EEE}.Debug|x64.Build.0 = Debug|x64
		{5E5D2B34-3DA2-4177-9969-0A746C702EEE}.Debug|x86.ActiveCfg = Debug|Win32
		{5E5D2B34-3DA2-4177-9969-0A746C702EEE}.Debug|x86.Build.0 = Debug|Win32
		{5E5D2B34-3DA2-4177-9969-0A746C702EEE}.Release|x64.ActiveCfg = Release|x64
		{5E5D2B34-3DA2-4177-9969-0A746C702EEE}.Release|x64.Build.0 = Release|x64
		{5E5D2B34-3DA2-4177-9969-0A746C702EEE}.Release|x86.ActiveCfg = Release|Win32
		{5E5D2B34-3DA2-4177-9969-0A746C702EEE}.Release|x86.Build.0 = Release|Win32
		{18FC2002-4036-4171-B866-C2F13EB90F65}.Debug|x64.ActiveCfg = Debug|x64
		{18FC2002-4036-4171-B866-C2F13EB90F65}.Debug|x64.Build.0 = Debug|x64
		{18FC2002-4036-4171-B866-C2F13EB90F65}.Debug|x86.ActiveCfg = Debug|Win32
		{18FC2002-4036-4171-B866-C2F13EB90F65}.Debug|x86.Build.0 = Debug|Win32
		{18FC2002-4036-4171-B866-C2F13EB90F65}.Release|x64.ActiveCfg = Release|x64
		{18FC2002-4036-4171-B866-C2F13EB90F65}.Release|x64.Build.0 = Release|x64
		{18FC2002-4036-4171-B866-C2F13EB90F65}.Release|x86.ActiveCfg = Release|Win32
		{18FC2002-4036-4171-B866-C2F13EB90F65}.Release|x86.Build.0 = Release|Win32
		{C80F82A9-9EED-44DC-B104-309BD2DA4A39}.Debug|x64.ActiveCfg = Debug|x64
		{C80F82A9-9EED-44DC-B104-309BD2DA4A39}.Debug|x64.Build.0 = Debug|x64
		{C80F82A9-9EED-44DC-B104-309BD2DA4A39}.Debug|x86.ActiveCfg = Debug|Win32
		{C80F82A9-9EED-44DC-B104-309BD2DA4A39}.Debug|x86.Build.0 = Debug|Win32
		{C80F82A9-9EED-44DC-B104-309BD2DA4A39}.Release|x64.ActiveCfg = Release|x64
		{C80F82A9-9EED-44DC-B104-309BD2DA4A39}.Release|x64.Build.0 = Release|x64
		{C80F82A9-9EED-44DC-B104-309BD2DA4A39}.Release|x86.ActiveCfg = Release|Win32
		{C80F82A9-9EED-44DC-B104-309BD2DA4A39}.Release|x86.Build.0 = Release|Win32
		{D62E0654-CC8A-466C-9E3D-0B3CD6562EB1}.Debug|x64.ActiveCfg = Debug|x64
		{D62E0654-CC8A-466C-9E3D-0B3CD6562EB1}.Debug|x64.Build.0 = Debug|x64
		{D62E0654-CC8A-466C-9E3D-0B3CD6562EB1}.Debug|x86.ActiveCfg = Debug|Win32
		{D62E0654-CC8A-466C-9E3D-0B3CD6562EB1}.Debug|x86.Build.0 = Debug|Win32
		{D62E0654-CC8A-466C-9E3D-0B3CD6562EB1}.Release|x64.ActiveCfg = Release|x64
		{D62E0654-CC8A-466C-9E3D-0B3CD6562EB1}.Release|x64.Build.0 = Release|x64
		{D62E0654-CC8A-466C-9E3D-0B3CD6562EB1}.Release|x86.ActiveCfg = Release|Win32
		{D62E0654-CC8A-466C-9E3D-0B3CD6562EB1}.Release|x86.Build.0 = Release|Win32
		{3AD45560-5533-4D7E-8012-A5EED1D68BC1}.Debug|x64.ActiveCfg = Debug|x64
		{3AD45560-5533-4D7E-8012-A5EED1D68BC1}.Debug|x64.Build.0 = Debug|x64
		{3AD45560-5533-4D7E-8012-A5EED1D68BC1}.Debug|x86.ActiveCfg = Debug|Win32
		{3AD45560-5533-4D7E-8012-A5EED1D68BC1}.Debug|x86.Build.0 = Debug|Win32
		{3AD45560-5533-4D7E-8012-A5EED1D68BC1}.Release|x64.ActiveCfg = Release|x64
		{3AD45560-5533-4D7E-8012-A5EED1D68BC1}.Release|x64.Build.0 = Release|x64
		{3AD45560-5533-4D7E-8012-A5EED1D68BC1}.Release|x86.ActiveCfg = Release|Win32
		{3AD45560-5533-4D7E-8012-A5EED1D68BC1}.Release|x86.Build.0 = Release|Win32
		{AB3BF1BD-587B-4F12-902B-51FB309947D7}.Debug|x64.ActiveCfg = Debug|x64
		{AB3BF1BD-587B-4F12-902B-51FB309947D7}.Debug|x64.Build.0 = Debug|x64
		{AB3BF1BD-587B-4F12-902B-51FB309947D7}.Debug|x86.ActiveCfg = Debug|Win32
		{AB3BF1BD-587B-4F12-902B-51FB309947D7}.Debug|x86.Build.0 = Debug|Win32
		{AB3BF1BD-587B-4F12-902B-51FB309947D7}.Release|x64.ActiveCfg = Release|x64
		{AB3BF1BD-587B-4F12-902B-51FB309947D7}.Release|x64.Build.0 = Release|x64
		{AB3BF1BD-587B-4F12-902B-51FB309947D7}.Release|x86.ActiveCfg = Release|Win32
		{AB3BF1BD-587B-4F12-902B-51FB309947D7}.Release|x86.Build.0 = Release|Win32
		{22E2C960-07DB-4C10-8D92-25761F15C0DF}.Debug|x64.ActiveCfg = Debug|x64
		{22E2C960-07DB-4C10-8D92-25761F15C0DF}.Debug|x64.Build.0 = Debug|x64
		{22E2C960-07DB-4C10-8D92-25761F15C0DF}.Debug|x86.ActiveCfg = Debug|Win32
		{22E2C960-07DB-4C10-8D92-25761F15C0DF}.Debug|x86.Build.0 = Debug|Win32
		{22E2C960-07DB-4C10-8D92-25761F15C0DF}.Release|x64.ActiveCfg = Release|x64
		{22E2C960-07DB-4C10-8D92-25761F15C0DF}.Release|x64.Build.0 = Release|x64
		{22E2C960-07DB-4C10-8D92-25761F15C0DF}.Release|x86.ActiveCfg = Release|Win32
		{22E2C960-07DB-4C10-8D92-25761F15C0DF}.Release|x86.Build.0 = Release|Win32
		{917E6750-8A98-49DE-A0E6-2FD1372DF2F5}.Debug|x64.ActiveCfg = Debug|x64
		{917E6750-8A98-49DE-A0E6-2FD1372DF2F5}.Debug|x64.Build.0 = Debug|x64
		{917E6750-8A98-49DE-A0E6-2FD1372DF2F5}.Debug|x86.ActiveCfg = Debug|Win32
		{917E6750-8A98-49DE-A0E6-2FD1372DF2F5}.Debug|x86.Build.0 = Debug|Win32
		{917E6750-8A98-49DE-A0E6-2FD1372DF2F5}.Release|x64.ActiveCfg = Release|x64
		{917E6750-8A98-49DE-A0E6-2FD1372DF2F5}.Release|x64.Build.0 = Release|x64
		{917E6750-8A98-49DE-A0E6-2FD1372DF2F5}.Release|x86.ActiveCfg = Release|Win32
		{917E6750-8A98-49DE-A0E6-2FD1372DF2F5}.Release|x86.Build.0 = Release|Win32
		{5FF92441-3598-4C74-85C5-D563B1E04D94}.Debug|x64.ActiveCfg = Debug|x64
		{5FF92441-3598-4C74-85C5-D563B1E04D94}.Debug|x64.Build.0 = Debug|x64
		{5FF92441-3598-4C74-85C5-D563B1E04D94}.Debug|x86.ActiveCfg = Debug|Win32
		{5FF92441-3598-4C74-85C5-D563B1E04D94}.Debug|x86.Build.0 = Debug|Win32
		{5FF92441-3598-4C74-85C5-D563B1E04D94}.Release|x64.ActiveCfg = Release|x64
		{5FF92441-3598-4C74-85C5-D563B1E04D94}.Release|x64.Build.0 = Release|x64
		{5FF92441-3598-4C74-85C5-D563B1E04D94}.Release|x86.ActiveCfg = Release|Win32
		{5FF92441-3598-4C74-85C5-D563B1E04D94}.Release|x86.Build.0 = Release|Win32
		{EDB12374-D566-4057-9D02-A0D43A39F807}.Debug|x64.ActiveCfg = Debug|x64
		{EDB12374-D566-4057-9D02-A0D43A39F807}.Debug|x64.Build.0 = Debug|x64
		{EDB12374-D566-4057-9D02-A0D43A39F807}.Debug|x86.ActiveCfg = Debug|Win32
		{EDB12374-D566-4057-9D02-A0D43A39F807}.Debug|x86.Build.0 = Debug|Win32
		{EDB12374-D566-4057-9D02-A0D43A39F807}.Release|x64.ActiveCfg = Release|x64
		{EDB12374-D566-4057-9D02-A0D43A39F807}.Release|x64.Build.0 = Release|x64
		{EDB12374-D566-4057-9D02-A0D43A39F807}.Release|x86.ActiveCfg = Release|Win32
		{EDB12374-D566-4057-9D02-A0D43A39F807}.Release|x86.Build.0 = Release|Win32
		{F6FF9D0A-B2A7-45EF-ADA5-9C6C123E6817}.Debug|x64.ActiveCfg = Debug|x64
		{F6FF9D0A-B2A7-45EF-ADA5-9C6C123E6817}.Debug|x64.Build.0 = Debug|x64
		{F6FF9D0A-B2A7-45EF-ADA5-9C6C123E6817}.Debug|x86.ActiveCfg = Debug|Win32
		{F6FF9D0A-B2A7-45EF-ADA5-9C6C123E6817}.Debug|x86.Build.0 = Debug|Win32
		{F6FF9D0A-B2A7-45EF-ADA5-9C6C123E6817}.Release|x64.ActiveCfg = Release|x64
		{F6FF9D0A-B2A7-45EF-ADA5-9C6C123E6817}.Release|x64.Build.0 = Release|x64
		{F6FF9D0A-B2A7-45EF-ADA5-9C6C123E6817}.Release|x86.ActiveCfg = Release|Win32
		{F6FF9D0A-B2A7-45EF-ADA5-9C6C123E6817}.Release|x86.Build.0 = Release|Win32
		{E08712CC-0A5A-49E1-B1ED-E712E3D956E0}.Debug|x64.ActiveCfg = Debug|x64
		{E08712CC-0A5A-49E1-B1ED-E712E3D956E0}.Debug|x64.Build.0 = Debug|x64
		{E08712CC-0A5A-49E1-B1ED-E712E3D956E0}.Debug|x86.ActiveCfg = Debug|Win32
		{E08712CC-0A5A-49E1-B1ED-E712E3D956E0}.Debug|x86.Build.0 = Debug|Win32
		{E08712CC-0A5A-49E1-B1ED-E712E3D956E0}.Release|x64.ActiveCfg = Release|x64
		{E08712CC-0A5A-49E1-B1ED-E712E3D956E0}.Release|x64.Build.0 = Release|x64
		{E08712CC-0A5A-49E1-B1ED-E712E3D956E0}.Release|x86.ActiveCfg = Release|Win32
		{E08712CC-0A5A-49E1-B1ED-E712E3D956E0}.Release|x86.Build.0 = Release|Win32
		{FCD9AF34-4666-411D-85AB-0464650C20A2}.Debug|x64.ActiveCfg = Debug|x64
		{FCD9AF34-4666-411D-85AB-0464650C20A2}.Debug|x64.Build.0 = Debug|x64
		{FCD9AF34-4666-411D-85AB-0464650C20A2}.Debug|x86.ActiveCfg = Debug|Win32
		{FCD9AF34-4666-411D-85AB-0464650C20A2}.Debug|x86.Build.0 = Debug|Win32
		{FCD9AF34-4666-411D-85AB-0464650C20A2}.Release|x64.ActiveCfg = Release|x64
		{FCD9AF34-4666-411D-85AB-0464650C20A2}.Release|x64.Build.0 = Release|x64
		{FCD9AF34-4666-411D-85AB-0464650C20A2}.Release|x86.ActiveCfg = Release|Win32
		{FCD9AF34-4666-411D-85AB-0464650C20A2}.Release|x86.Build.0 = Release|Win32
		{526EBEDC-FA10-4BB0-BA29-32967E6ABD46}.Debug|x64.ActiveCfg = Debug|x64
		{526EBEDC-FA10-4BB0-BA29-32967E6ABD46}.Debug|x64.Build.0 = Debug|x64
		{526EBEDC-FA10-4BB0-BA29-32967E6ABD46}.Debug|x86.ActiveCfg = Debug|Win32
		{526EBEDC-FA10-4BB0-BA29-32967E6ABD46}.Debug|x86.Build.0 = Debug|Win32
		{526EBEDC-FA10-4BB0-BA29-32967E6ABD46}.Release|x64.ActiveCfg = Release|x64
		{526EBEDC-FA10-4BB0-BA29-32967E6ABD46}.Release|x64.Build.0 = Release|x64
		{526EBEDC-FA10-4BB0-BA29-32967E6ABD46}.Release|x86.ActiveCfg = Release|Win32
		{526EBEDC-FA10-4BB0-BA29-32967E6ABD46}.Release|x86.Build.0 = Release|Win32
		{9D700F76-1C46-4958-BB35-256B166E42F7}.Debug|x64.ActiveCfg = Debug|x64
		{9D700F76-1C46-4958-BB35-256B166E42F7}.Debug|x64.Build.0 = Debug|x64
		{9D700F76-1C46-4958-BB35-256B166E42F7}.Debug|x86.ActiveCfg = Debug|Win32
		{9D700F76-1C46-4958-BB35-256B166E42F7}.Debug|x86.Build.0 = Debug|Win32
		{9D700F76-1C46-4958-BB35-256B166E42F7}.Release|x64.ActiveCfg = Release|x64
		{9D700F76-1C46-4958-BB35-256B166E42F7}.Release|x64.Build.0 = Release|x64
		{9D700F76-1C46-4958-BB35-256B166E42F7}.Release|x86.ActiveCfg = Release|Win32
		{9D700F76-1C46-4958-BB35-256B166E42F7}.Release|x86.Build.0 = Release|Win32
		{3C519ED4-B310-414D-9AA1-1258A16813F6}.Debug|x64.ActiveCfg = Debug|x64
		{3C519ED4-B310-414D-9AA1-1258A16813F6}.Debug|x64.Build.0 = Debug|x64
		{3C519ED4-B310-414D-9AA1-1258A16813F6}.Debug|x86.ActiveCfg = Debug|Win32
		{3C519ED4-B310-414D-9AA1-1258A16813F6}.Debug|x86.Build.0 = Debug|Win32
		{3C519ED4-B310-414D-9AA1-1258A16813F6}.Release|x64.ActiveCfg = Release|x64
		{3C519ED4-B310-414D-9AA1-1258A16813F6}.Release|x64.Build.0 = Release|x64
		{3C519ED4-B310-414D-9AA1-1258A16813F6}.Release|x86.ActiveCfg = Release|Win32
		{3C519ED4-B310-414D-9AA1-1258A16813F6}.Release|x86.Build.0 = Release|Win32
	EndGlobalSection
	GlobalSection(SolutionProperties) = preSolution
		HideSolutionNode = FALSE
	EndGlobalSection
	GlobalSection(ExtensibilityGlobals) = postSolution
		SolutionGuid = {3F066E85-C7D2-4321-9053-3C0F1F9C567D}
	EndGlobalSection
EndGlobal
